// !$*UTF8*$!
{
	archiveVersion = 1;
	classes = {
	};
	objectVersion = 77;
	objects = {

/* Begin PBXContainerItemProxy section */
		BA5E4F892DE61AA400237029 /* PBXContainerItemProxy */ = {
			isa = PBXContainerItemProxy;
			containerPortal = BA5E4F6B2DE61AA100237029 /* Project object */;
			proxyType = 1;
			remoteGlobalIDString = BA5E4F722DE61AA200237029;
			remoteInfo = VoiceSurveyor;
		};
		BA5E4F932DE61AA400237029 /* PBXContainerItemProxy */ = {
			isa = PBXContainerItemProxy;
			containerPortal = BA5E4F6B2DE61AA100237029 /* Project object */;
			proxyType = 1;
			remoteGlobalIDString = BA5E4F722DE61AA200237029;
			remoteInfo = VoiceSurveyor;
		};
/* End PBXContainerItemProxy section */

/* Begin PBXFileReference section */
		BA5E4F732DE61AA200237029 /* VoiceSurveyor.app */ = {isa = PBXFileReference; explicitFileType = wrapper.application; includeInIndex = 0; path = VoiceSurveyor.app; sourceTree = BUILT_PRODUCTS_DIR; };
		BA5E4F882DE61AA400237029 /* VoiceSurveyorTests.xctest */ = {isa = PBXFileReference; explicitFileType = wrapper.cfbundle; includeInIndex = 0; path = VoiceSurveyorTests.xctest; sourceTree = BUILT_PRODUCTS_DIR; };
		BA5E4F922DE61AA400237029 /* VoiceSurveyorUITests.xctest */ = {isa = PBXFileReference; explicitFileType = wrapper.cfbundle; includeInIndex = 0; path = VoiceSurveyorUITests.xctest; sourceTree = BUILT_PRODUCTS_DIR; };
		CF0000000000000000000000 /* ContentView.swift */ = {isa = PBXFileReference; lastKnownFileType = sourcecode.swift; path = VoiceSurveyor/ContentView.swift; sourceTree = "<group>"; };
		CF0000000000000000000001 /* IndividualResponse+CoreDataClass.swift */ = {isa = PBXFileReference; lastKnownFileType = sourcecode.swift; path = "VoiceSurveyor/IndividualResponse+CoreDataClass.swift"; sourceTree = "<group>"; };
		CF0000000000000000000002 /* IndividualResponse+CoreDataProperties.swift */ = {isa = PBXFileReference; lastKnownFileType = sourcecode.swift; path = "VoiceSurveyor/IndividualResponse+CoreDataProperties.swift"; sourceTree = "<group>"; };
		CF0000000000000000000003 /* Participant+CoreDataClass.swift */ = {isa = PBXFileReference; lastKnownFileType = sourcecode.swift; path = "VoiceSurveyor/Participant+CoreDataClass.swift"; sourceTree = "<group>"; };
		CF0000000000000000000004 /* Participant+CoreDataProperties.swift */ = {isa = PBXFileReference; lastKnownFileType = sourcecode.swift; path = "VoiceSurveyor/Participant+CoreDataProperties.swift"; sourceTree = "<group>"; };
		CF0000000000000000000005 /* PersistenceController.swift */ = {isa = PBXFileReference; lastKnownFileType = sourcecode.swift; path = VoiceSurveyor/PersistenceController.swift; sourceTree = "<group>"; };
		CF0000000000000000000006 /* Question+CoreDataClass.swift */ = {isa = PBXFileReference; lastKnownFileType = sourcecode.swift; path = "VoiceSurveyor/Question+CoreDataClass.swift"; sourceTree = "<group>"; };
		CF0000000000000000000007 /* Question+CoreDataProperties.swift */ = {isa = PBXFileReference; lastKnownFileType = sourcecode.swift; path = "VoiceSurveyor/Question+CoreDataProperties.swift"; sourceTree = "<group>"; };
		CF0000000000000000000008 /* Survey+CoreDataClass.swift */ = {isa = PBXFileReference; lastKnownFileType = sourcecode.swift; path = "VoiceSurveyor/Survey+CoreDataClass.swift"; sourceTree = "<group>"; };
		CF0000000000000000000009 /* Survey+CoreDataProperties.swift */ = {isa = PBXFileReference; lastKnownFileType = sourcecode.swift; path = "VoiceSurveyor/Survey+CoreDataProperties.swift"; sourceTree = "<group>"; };
		CF000000000000000000000A /* SurveyResponse+CoreDataClass.swift */ = {isa = PBXFileReference; lastKnownFileType = sourcecode.swift; path = "VoiceSurveyor/SurveyResponse+CoreDataClass.swift"; sourceTree = "<group>"; };
		CF000000000000000000000B /* SurveyResponse+CoreDataProperties.swift */ = {isa = PBXFileReference; lastKnownFileType = sourcecode.swift; path = "VoiceSurveyor/SurveyResponse+CoreDataProperties.swift"; sourceTree = "<group>"; };
		CF000000000000000000000D /* InterviewViewModel.swift */ = {isa = PBXFileReference; lastKnownFileType = sourcecode.swift; path = VoiceSurveyor/VoiceSurveyor/Features/Interview/ViewModels/InterviewViewModel.swift; sourceTree = "<group>"; };
		CF000000000000000000000E /* InterviewView.swift */ = {isa = PBXFileReference; lastKnownFileType = sourcecode.swift; path = VoiceSurveyor/VoiceSurveyor/Features/Interview/Views/InterviewView.swift; sourceTree = "<group>"; };
		CF000000000000000000000F /* ParticipantEditorViewModel.swift */ = {isa = PBXFileReference; lastKnownFileType = sourcecode.swift; path = VoiceSurveyor/VoiceSurveyor/Features/ParticipantManagement/ViewModels/ParticipantEditorViewModel.swift; sourceTree = "<group>"; };
		CF0000000000000000000010 /* ParticipantListViewModel.swift */ = {isa = PBXFileReference; lastKnownFileType = sourcecode.swift; path = VoiceSurveyor/VoiceSurveyor/Features/ParticipantManagement/ViewModels/ParticipantListViewModel.swift; sourceTree = "<group>"; };
		CF0000000000000000000011 /* ParticipantEditorView.swift */ = {isa = PBXFileReference; lastKnownFileType = sourcecode.swift; path = VoiceSurveyor/VoiceSurveyor/Features/ParticipantManagement/Views/ParticipantEditorView.swift; sourceTree = "<group>"; };
		CF0000000000000000000012 /* ParticipantListView.swift */ = {isa = PBXFileReference; lastKnownFileType = sourcecode.swift; path = VoiceSurveyor/VoiceSurveyor/Features/ParticipantManagement/Views/ParticipantListView.swift; sourceTree = "<group>"; };
		CF0000000000000000000013 /* SurveyResultsViewModel.swift */ = {isa = PBXFileReference; lastKnownFileType = sourcecode.swift; path = VoiceSurveyor/VoiceSurveyor/Features/Results/ViewModels/SurveyResultsViewModel.swift; sourceTree = "<group>"; };
		CF0000000000000000000014 /* ResponseDetailView.swift */ = {isa = PBXFileReference; lastKnownFileType = sourcecode.swift; path = VoiceSurveyor/VoiceSurveyor/Features/Results/Views/ResponseDetailView.swift; sourceTree = "<group>"; };
		CF0000000000000000000015 /* SurveyResultsView.swift */ = {isa = PBXFileReference; lastKnownFileType = sourcecode.swift; path = VoiceSurveyor/VoiceSurveyor/Features/Results/Views/SurveyResultsView.swift; sourceTree = "<group>"; };
		CF0000000000000000000016 /* SurveyEditorViewModel.swift */ = {isa = PBXFileReference; lastKnownFileType = sourcecode.swift; path = VoiceSurveyor/VoiceSurveyor/Features/SurveyConfiguration/ViewModels/SurveyEditorViewModel.swift; sourceTree = "<group>"; };
		CF0000000000000000000017 /* SurveyListViewModel.swift */ = {isa = PBXFileReference; lastKnownFileType = sourcecode.swift; path = VoiceSurveyor/VoiceSurveyor/Features/SurveyConfiguration/ViewModels/SurveyListViewModel.swift; sourceTree = "<group>"; };
		CF0000000000000000000018 /* QuestionEditorView.swift */ = {isa = PBXFileReference; lastKnownFileType = sourcecode.swift; path = VoiceSurveyor/VoiceSurveyor/Features/SurveyConfiguration/Views/QuestionEditorView.swift; sourceTree = "<group>"; };
		CF0000000000000000000019 /* SurveyEditorView.swift */ = {isa = PBXFileReference; lastKnownFileType = sourcecode.swift; path = VoiceSurveyor/VoiceSurveyor/Features/SurveyConfiguration/Views/SurveyEditorView.swift; sourceTree = "<group>"; };
		CF000000000000000000001A /* SurveyListView.swift */ = {isa = PBXFileReference; lastKnownFileType = sourcecode.swift; path = VoiceSurveyor/VoiceSurveyor/Features/SurveyConfiguration/Views/SurveyListView.swift; sourceTree = "<group>"; };
		CF000000000000000000001B /* MainAppView.swift */ = {isa = PBXFileReference; lastKnownFileType = sourcecode.swift; path = VoiceSurveyor/VoiceSurveyor/MainAppView.swift; sourceTree = "<group>"; };
		CF000000000000000000001C /* QuestionItem.swift */ = {isa = PBXFileReference; lastKnownFileType = sourcecode.swift; path = VoiceSurveyor/VoiceSurveyor/Models/QuestionItem.swift; sourceTree = "<group>"; };
		CF000000000000000000001D /* PersistenceService.swift */ = {isa = PBXFileReference; lastKnownFileType = sourcecode.swift; path = VoiceSurveyor/VoiceSurveyor/Services/PersistenceService.swift; sourceTree = "<group>"; };
		CF000000000000000000001E /* PersistenceServiceProtocol.swift */ = {isa = PBXFileReference; lastKnownFileType = sourcecode.swift; path = VoiceSurveyor/VoiceSurveyor/Services/PersistenceServiceProtocol.swift; sourceTree = "<group>"; };
		CF000000000000000000001F /* SpeechService.swift */ = {isa = PBXFileReference; lastKnownFileType = sourcecode.swift; path = VoiceSurveyor/VoiceSurveyor/Services/SpeechService.swift; sourceTree = "<group>"; };
		CF0000000000000000000200 /* VoiceSurveyorTests.swift */ = {isa = PBXFileReference; lastKnownFileType = sourcecode.swift; path = VoiceSurveyorTests/VoiceSurveyorTests.swift; sourceTree = "<group>"; };
		CF0000000000000000000400 /* VoiceSurveyorUITests.swift */ = {isa = PBXFileReference; lastKnownFileType = sourcecode.swift; path = VoiceSurveyorUITests/VoiceSurveyorUITests.swift; sourceTree = "<group>"; };
		CF0000000000000000000401 /* VoiceSurveyorUITestsLaunchTests.swift */ = {isa = PBXFileReference; lastKnownFileType = sourcecode.swift; path = VoiceSurveyorUITests/VoiceSurveyorUITestsLaunchTests.swift; sourceTree = "<group>"; };
		CF1000000000000000000000 /* Assets.xcassets */ = {isa = PBXFileReference; lastKnownFileType = folder.assetcatalog; path = VoiceSurveyor/Assets.xcassets; sourceTree = "<group>"; };
		CF1000000000000000000002 /* VoiceSurveyor.xcdatamodeld */ = {isa = PBXFileReference; lastKnownFileType = wrapper.xcdatamodel; path = VoiceSurveyor/VoiceSurveyor.xcdatamodeld; sourceTree = "<group>"; };
		CF1000000000000000000004 /* Preview Assets.xcassets */ = {isa = PBXFileReference; lastKnownFileType = folder.assetcatalog; path = "VoiceSurveyor/Preview Content/Preview Assets.xcassets"; sourceTree = "<group>"; };
/* End PBXFileReference section */

/* Begin PBXBuildFile section */
		CF0000000000000000000100 /* ContentView.swift in Sources */ = {isa = PBXBuildFile; fileRef = CF0000000000000000000000 /* ContentView.swift */; };
		CF0000000000000000000101 /* IndividualResponse+CoreDataClass.swift in Sources */ = {isa = PBXBuildFile; fileRef = CF0000000000000000000001 /* IndividualResponse+CoreDataClass.swift */; };
		CF0000000000000000000102 /* IndividualResponse+CoreDataProperties.swift in Sources */ = {isa = PBXBuildFile; fileRef = CF0000000000000000000002 /* IndividualResponse+CoreDataProperties.swift */; };
		CF0000000000000000000103 /* Participant+CoreDataClass.swift in Sources */ = {isa = PBXBuildFile; fileRef = CF0000000000000000000003 /* Participant+CoreDataClass.swift */; };
		CF0000000000000000000104 /* Participant+CoreDataProperties.swift in Sources */ = {isa = PBXBuildFile; fileRef = CF0000000000000000000004 /* Participant+CoreDataProperties.swift */; };
		CF0000000000000000000105 /* PersistenceController.swift in Sources */ = {isa = PBXBuildFile; fileRef = CF0000000000000000000005 /* PersistenceController.swift */; };
		CF0000000000000000000106 /* Question+CoreDataClass.swift in Sources */ = {isa = PBXBuildFile; fileRef = CF0000000000000000000006 /* Question+CoreDataClass.swift */; };
		CF0000000000000000000107 /* Question+CoreDataProperties.swift in Sources */ = {isa = PBXBuildFile; fileRef = CF0000000000000000000007 /* Question+CoreDataProperties.swift */; };
		CF0000000000000000000108 /* Survey+CoreDataClass.swift in Sources */ = {isa = PBXBuildFile; fileRef = CF0000000000000000000008 /* Survey+CoreDataClass.swift */; };
		CF0000000000000000000109 /* Survey+CoreDataProperties.swift in Sources */ = {isa = PBXBuildFile; fileRef = CF0000000000000000000009 /* Survey+CoreDataProperties.swift */; };
		CF000000000000000000010A /* SurveyResponse+CoreDataClass.swift in Sources */ = {isa = PBXBuildFile; fileRef = CF000000000000000000000A /* SurveyResponse+CoreDataClass.swift */; };
		CF000000000000000000010B /* SurveyResponse+CoreDataProperties.swift in Sources */ = {isa = PBXBuildFile; fileRef = CF000000000000000000000B /* SurveyResponse+CoreDataProperties.swift */; };
		CF000000000000000000010D /* InterviewViewModel.swift in Sources */ = {isa = PBXBuildFile; fileRef = CF000000000000000000000D /* InterviewViewModel.swift */; };
		CF000000000000000000010E /* InterviewView.swift in Sources */ = {isa = PBXBuildFile; fileRef = CF000000000000000000000E /* InterviewView.swift */; };
		CF000000000000000000010F /* ParticipantEditorViewModel.swift in Sources */ = {isa = PBXBuildFile; fileRef = CF000000000000000000000F /* ParticipantEditorViewModel.swift */; };
		CF0000000000000000000110 /* ParticipantListViewModel.swift in Sources */ = {isa = PBXBuildFile; fileRef = CF0000000000000000000010 /* ParticipantListViewModel.swift */; };
		CF0000000000000000000111 /* ParticipantEditorView.swift in Sources */ = {isa = PBXBuildFile; fileRef = CF0000000000000000000011 /* ParticipantEditorView.swift */; };
		CF0000000000000000000112 /* ParticipantListView.swift in Sources */ = {isa = PBXBuildFile; fileRef = CF0000000000000000000012 /* ParticipantListView.swift */; };
		CF0000000000000000000113 /* SurveyResultsViewModel.swift in Sources */ = {isa = PBXBuildFile; fileRef = CF0000000000000000000013 /* SurveyResultsViewModel.swift */; };
		CF0000000000000000000114 /* ResponseDetailView.swift in Sources */ = {isa = PBXBuildFile; fileRef = CF0000000000000000000014 /* ResponseDetailView.swift */; };
		CF0000000000000000000115 /* SurveyResultsView.swift in Sources */ = {isa = PBXBuildFile; fileRef = CF0000000000000000000015 /* SurveyResultsView.swift */; };
		CF0000000000000000000116 /* SurveyEditorViewModel.swift in Sources */ = {isa = PBXBuildFile; fileRef = CF0000000000000000000016 /* SurveyEditorViewModel.swift */; };
		CF0000000000000000000117 /* SurveyListViewModel.swift in Sources */ = {isa = PBXBuildFile; fileRef = CF0000000000000000000017 /* SurveyListViewModel.swift */; };
		CF0000000000000000000118 /* QuestionEditorView.swift in Sources */ = {isa = PBXBuildFile; fileRef = CF0000000000000000000018 /* QuestionEditorView.swift */; };
		CF0000000000000000000119 /* SurveyEditorView.swift in Sources */ = {isa = PBXBuildFile; fileRef = CF0000000000000000000019 /* SurveyEditorView.swift */; };
		CF000000000000000000011A /* SurveyListView.swift in Sources */ = {isa = PBXBuildFile; fileRef = CF000000000000000000001A /* SurveyListView.swift */; };
		CF000000000000000000011B /* MainAppView.swift in Sources */ = {isa = PBXBuildFile; fileRef = CF000000000000000000001B /* MainAppView.swift */; };
		CF000000000000000000011C /* QuestionItem.swift in Sources */ = {isa = PBXBuildFile; fileRef = CF000000000000000000001C /* QuestionItem.swift */; };
		CF000000000000000000011D /* PersistenceService.swift in Sources */ = {isa = PBXBuildFile; fileRef = CF000000000000000000001D /* PersistenceService.swift */; };
		CF000000000000000000011E /* PersistenceServiceProtocol.swift in Sources */ = {isa = PBXBuildFile; fileRef = CF000000000000000000001E /* PersistenceServiceProtocol.swift */; };
		CF000000000000000000011F /* SpeechService.swift in Sources */ = {isa = PBXBuildFile; fileRef = CF000000000000000000001F /* SpeechService.swift */; };
		CF0000000000000000000300 /* VoiceSurveyorTests.swift in Sources */ = {isa = PBXBuildFile; fileRef = CF0000000000000000000200 /* VoiceSurveyorTests.swift */; };
		CF0000000000000000000500 /* VoiceSurveyorUITests.swift in Sources */ = {isa = PBXBuildFile; fileRef = CF0000000000000000000400 /* VoiceSurveyorUITests.swift */; };
		CF0000000000000000000501 /* VoiceSurveyorUITestsLaunchTests.swift in Sources */ = {isa = PBXBuildFile; fileRef = CF0000000000000000000401 /* VoiceSurveyorUITestsLaunchTests.swift */; };
		CF1000000000000000000001 /* Assets.xcassets in Resources */ = {isa = PBXBuildFile; fileRef = CF1000000000000000000000 /* Assets.xcassets */; };
		CF1000000000000000000003 /* VoiceSurveyor.xcdatamodeld in Resources */ = {isa = PBXBuildFile; fileRef = CF1000000000000000000002 /* VoiceSurveyor.xcdatamodeld */; };
		CF1000000000000000000005 /* Preview Assets.xcassets in Resources */ = {isa = PBXBuildFile; fileRef = CF1000000000000000000004 /* Preview Assets.xcassets */; };
/* End PBXBuildFile section */

/* Begin PBXFileSystemSynchronizedRootGroup section */
		BA5E4F752DE61AA200237029 /* VoiceSurveyor */ = {
			isa = PBXFileSystemSynchronizedRootGroup;
			path = VoiceSurveyor;
			sourceTree = "<group>";
		};
		BA5E4F8B2DE61AA400237029 /* VoiceSurveyorTests */ = {
			isa = PBXFileSystemSynchronizedRootGroup;
			path = VoiceSurveyorTests;
			sourceTree = "<group>";
		};
		BA5E4F952DE61AA400237029 /* VoiceSurveyorUITests */ = {
			isa = PBXFileSystemSynchronizedRootGroup;
			path = VoiceSurveyorUITests;
			sourceTree = "<group>";
		};
/* End PBXFileSystemSynchronizedRootGroup section */

/* Begin PBXFrameworksBuildPhase section */
		BA5E4F702DE61AA200237029 /* Frameworks */ = {
			isa = PBXFrameworksBuildPhase;
			buildActionMask = 2147483647;
			files = (
			);
			runOnlyForDeploymentPostprocessing = 0;
		};
		BA5E4F852DE61AA400237029 /* Frameworks */ = {
			isa = PBXFrameworksBuildPhase;
			buildActionMask = 2147483647;
			files = (
			);
			runOnlyForDeploymentPostprocessing = 0;
		};
		BA5E4F8F2DE61AA400237029 /* Frameworks */ = {
			isa = PBXFrameworksBuildPhase;
			buildActionMask = 2147483647;
			files = (
			);
			runOnlyForDeploymentPostprocessing = 0;
		};
/* End PBXFrameworksBuildPhase section */

/* Begin PBXGroup section */
		BA5E4F6A2DE61AA100237029 = {
			isa = PBXGroup;
			children = (
				BA5E4F752DE61AA200237029 /* VoiceSurveyor */,
				BA5E4F8B2DE61AA400237029 /* VoiceSurveyorTests */,
				BA5E4F952DE61AA400237029 /* VoiceSurveyorUITests */,
				BA5E4F742DE61AA200237029 /* Products */,
			);
			sourceTree = "<group>";
		};
		BA5E4F742DE61AA200237029 /* Products */ = {
			isa = PBXGroup;
			children = (
				BA5E4F732DE61AA200237029 /* VoiceSurveyor.app */,
				BA5E4F882DE61AA400237029 /* VoiceSurveyorTests.xctest */,
				BA5E4F922DE61AA400237029 /* VoiceSurveyorUITests.xctest */,
			);
			name = Products;
			sourceTree = "<group>";
		};
/* End PBXGroup section */

/* Begin PBXNativeTarget section */
		BA5E4F722DE61AA200237029 /* VoiceSurveyor */ = {
			isa = PBXNativeTarget;
			buildConfigurationList = BA5E4F9C2DE61AA400237029 /* Build configuration list for PBXNativeTarget "VoiceSurveyor" */;
			buildPhases = (
				BA5E4F6F2DE61AA200237029 /* Sources */,
				BA5E4F702DE61AA200237029 /* Frameworks */,
				BA5E4F712DE61AA200237029 /* Resources */,
			);
			buildRules = (
			);
			dependencies = (
			);
			name = VoiceSurveyor;
			packageProductDependencies = (
			);
			productName = VoiceSurveyor;
			productReference = BA5E4F732DE61AA200237029 /* VoiceSurveyor.app */;
			productType = "com.apple.product-type.application";
		};
		BA5E4F872DE61AA400237029 /* VoiceSurveyorTests */ = {
			isa = PBXNativeTarget;
			buildConfigurationList = BA5E4F9F2DE61AA400237029 /* Build configuration list for PBXNativeTarget "VoiceSurveyorTests" */;
			buildPhases = (
				BA5E4F842DE61AA400237029 /* Sources */,
				BA5E4F852DE61AA400237029 /* Frameworks */,
				BA5E4F862DE61AA400237029 /* Resources */,
			);
			buildRules = (
			);
			dependencies = (
				BA5E4F8A2DE61AA400237029 /* PBXTargetDependency */,
			);
			fileSystemSynchronizedGroups = (
				BA5E4F8B2DE61AA400237029 /* VoiceSurveyorTests */,
			);
			name = VoiceSurveyorTests;
			packageProductDependencies = (
			);
			productName = VoiceSurveyorTests;
			productReference = BA5E4F882DE61AA400237029 /* VoiceSurveyorTests.xctest */;
			productType = "com.apple.product-type.bundle.unit-test";
		};
		BA5E4F912DE61AA400237029 /* VoiceSurveyorUITests */ = {
			isa = PBXNativeTarget;
			buildConfigurationList = BA5E4FA22DE61AA400237029 /* Build configuration list for PBXNativeTarget "VoiceSurveyorUITests" */;
			buildPhases = (
				BA5E4F8E2DE61AA400237029 /* Sources */,
				BA5E4F8F2DE61AA400237029 /* Frameworks */,
				BA5E4F902DE61AA400237029 /* Resources */,
			);
			buildRules = (
			);
			dependencies = (
				BA5E4F942DE61AA400237029 /* PBXTargetDependency */,
			);
			fileSystemSynchronizedGroups = (
				BA5E4F952DE61AA400237029 /* VoiceSurveyorUITests */,
			);
			name = VoiceSurveyorUITests;
			packageProductDependencies = (
			);
			productName = VoiceSurveyorUITests;
			productReference = BA5E4F922DE61AA400237029 /* VoiceSurveyorUITests.xctest */;
			productType = "com.apple.product-type.bundle.ui-testing";
		};
/* End PBXNativeTarget section */

/* Begin PBXProject section */
		BA5E4F6B2DE61AA100237029 /* Project object */ = {
			isa = PBXProject;
			attributes = {
				BuildIndependentTargetsInParallel = 1;
				LastSwiftUpdateCheck = 1620;
				LastUpgradeCheck = 1620;
				TargetAttributes = {
					BA5E4F722DE61AA200237029 = {
						CreatedOnToolsVersion = 16.2;
					};
					BA5E4F872DE61AA400237029 = {
						CreatedOnToolsVersion = 16.2;
						TestTargetID = BA5E4F722DE61AA200237029;
					};
					BA5E4F912DE61AA400237029 = {
						CreatedOnToolsVersion = 16.2;
						TestTargetID = BA5E4F722DE61AA200237029;
					};
				};
			};
			buildConfigurationList = BA5E4F6E2DE61AA100237029 /* Build configuration list for PBXProject "VoiceSurveyor" */;
			developmentRegion = en;
			hasScannedForEncodings = 0;
			knownRegions = (
				en,
				Base,
			);
			mainGroup = BA5E4F6A2DE61AA100237029;
			minimizedProjectReferenceProxies = 1;
			preferredProjectObjectVersion = 77;
			productRefGroup = BA5E4F742DE61AA200237029 /* Products */;
			projectDirPath = "";
			projectRoot = "";
			targets = (
				BA5E4F722DE61AA200237029 /* VoiceSurveyor */,
				BA5E4F872DE61AA400237029 /* VoiceSurveyorTests */,
				BA5E4F912DE61AA400237029 /* VoiceSurveyorUITests */,
			);
		};
/* End PBXProject section */

/* Begin PBXResourcesBuildPhase section */
		BA5E4F712DE61AA200237029 /* Resources */ = {
			isa = PBXResourcesBuildPhase;
			buildActionMask = 2147483647;
			files = (
				CF1000000000000000000001 /* Assets.xcassets in Resources */,
				CF1000000000000000000003 /* VoiceSurveyor.xcdatamodeld in Resources */,
				CF1000000000000000000005 /* Preview Assets.xcassets in Resources */,
			);
			runOnlyForDeploymentPostprocessing = 0;
		};
		BA5E4F862DE61AA400237029 /* Resources */ = {
			isa = PBXResourcesBuildPhase;
			buildActionMask = 2147483647;
			files = (
			);
			runOnlyForDeploymentPostprocessing = 0;
		};
		BA5E4F902DE61AA400237029 /* Resources */ = {
			isa = PBXResourcesBuildPhase;
			buildActionMask = 2147483647;
			files = (
			);
			runOnlyForDeploymentPostprocessing = 0;
		};
/* End PBXResourcesBuildPhase section */

/* Begin PBXSourcesBuildPhase section */
		BA5E4F6F2DE61AA200237029 /* Sources */ = {
			isa = PBXSourcesBuildPhase;
			buildActionMask = 2147483647;
			files = (
				CF0000000000000000000100 /* ContentView.swift in Sources */,
				CF0000000000000000000101 /* IndividualResponse+CoreDataClass.swift in Sources */,
				CF0000000000000000000102 /* IndividualResponse+CoreDataProperties.swift in Sources */,
				CF0000000000000000000103 /* Participant+CoreDataClass.swift in Sources */,
				CF0000000000000000000104 /* Participant+CoreDataProperties.swift in Sources */,
				CF0000000000000000000105 /* PersistenceController.swift in Sources */,
				CF0000000000000000000106 /* Question+CoreDataClass.swift in Sources */,
				CF0000000000000000000107 /* Question+CoreDataProperties.swift in Sources */,
				CF0000000000000000000108 /* Survey+CoreDataClass.swift in Sources */,
				CF0000000000000000000109 /* Survey+CoreDataProperties.swift in Sources */,
				CF000000000000000000010A /* SurveyResponse+CoreDataClass.swift in Sources */,
				CF000000000000000000010B /* SurveyResponse+CoreDataProperties.swift in Sources */,
				CF000000000000000000010D /* InterviewViewModel.swift in Sources */,
				CF000000000000000000010E /* InterviewView.swift in Sources */,
				CF000000000000000000010F /* ParticipantEditorViewModel.swift in Sources */,
				CF0000000000000000000110 /* ParticipantListViewModel.swift in Sources */,
				CF0000000000000000000111 /* ParticipantEditorView.swift in Sources */,
				CF0000000000000000000112 /* ParticipantListView.swift in Sources */,
				CF0000000000000000000113 /* SurveyResultsViewModel.swift in Sources */,
				CF0000000000000000000114 /* ResponseDetailView.swift in Sources */,
				CF0000000000000000000115 /* SurveyResultsView.swift in Sources */,
				CF0000000000000000000116 /* SurveyEditorViewModel.swift in Sources */,
				CF0000000000000000000117 /* SurveyListViewModel.swift in Sources */,
				CF0000000000000000000118 /* QuestionEditorView.swift in Sources */,
				CF0000000000000000000119 /* SurveyEditorView.swift in Sources */,
				CF000000000000000000011A /* SurveyListView.swift in Sources */,
				CF000000000000000000011B /* MainAppView.swift in Sources */,
				CF000000000000000000011C /* QuestionItem.swift in Sources */,
				CF000000000000000000011D /* PersistenceService.swift in Sources */,
				CF000000000000000000011E /* PersistenceServiceProtocol.swift in Sources */,
				CF000000000000000000011F /* SpeechService.swift in Sources */,
			);
			runOnlyForDeploymentPostprocessing = 0;
		};
		BA5E4F842DE61AA400237029 /* Sources */ = {
			isa = PBXSourcesBuildPhase;
			buildActionMask = 2147483647;
			files = (
				CF0000000000000000000300 /* VoiceSurveyorTests.swift in Sources */,
			);
			runOnlyForDeploymentPostprocessing = 0;
		};
		BA5E4F8E2DE61AA400237029 /* Sources */ = {
			isa = PBXSourcesBuildPhase;
			buildActionMask = 2147483647;
			files = (
				CF0000000000000000000500 /* VoiceSurveyorUITests.swift in Sources */,
				CF0000000000000000000501 /* VoiceSurveyorUITestsLaunchTests.swift in Sources */,
			);
			runOnlyForDeploymentPostprocessing = 0;
		};
/* End PBXSourcesBuildPhase section */

/* Begin PBXTargetDependency section */
		BA5E4F8A2DE61AA400237029 /* PBXTargetDependency */ = {
			isa = PBXTargetDependency;
			target = BA5E4F722DE61AA200237029 /* VoiceSurveyor */;
			targetProxy = BA5E4F892DE61AA400237029 /* PBXContainerItemProxy */;
		};
		BA5E4F942DE61AA400237029 /* PBXTargetDependency */ = {
			isa = PBXTargetDependency;
			target = BA5E4F722DE61AA200237029 /* VoiceSurveyor */;
			targetProxy = BA5E4F932DE61AA400237029 /* PBXContainerItemProxy */;
		};
/* End PBXTargetDependency section */

/* Begin XCBuildConfiguration section */
		BA5E4F9A2DE61AA400237029 /* Debug */ = {
			isa = XCBuildConfiguration;
			buildSettings = {
				ALWAYS_SEARCH_USER_PATHS = NO;
				ASSETCATALOG_COMPILER_GENERATE_SWIFT_ASSET_SYMBOL_EXTENSIONS = YES;
				CLANG_ANALYZER_NONNULL = YES;
				CLANG_ANALYZER_NUMBER_OBJECT_CONVERSION = YES_AGGRESSIVE;
				CLANG_CXX_LANGUAGE_STANDARD = "gnu++20";
				CLANG_ENABLE_MODULES = YES;
				CLANG_ENABLE_OBJC_ARC = YES;
				CLANG_ENABLE_OBJC_WEAK = YES;
				CLANG_WARN_BLOCK_CAPTURE_AUTORELEASING = YES;
				CLANG_WARN_BOOL_CONVERSION = YES;
				CLANG_WARN_COMMA = YES;
				CLANG_WARN_CONSTANT_CONVERSION = YES;
				CLANG_WARN_DEPRECATED_OBJC_IMPLEMENTATIONS = YES;
				CLANG_WARN_DIRECT_OBJC_ISA_USAGE = YES_ERROR;
				CLANG_WARN_DOCUMENTATION_COMMENTS = YES;
				CLANG_WARN_EMPTY_BODY = YES;
				CLANG_WARN_ENUM_CONVERSION = YES;
				CLANG_WARN_INFINITE_RECURSION = YES;
				CLANG_WARN_INT_CONVERSION = YES;
				CLANG_WARN_NON_LITERAL_NULL_CONVERSION = YES;
				CLANG_WARN_OBJC_IMPLICIT_RETAIN_SELF = YES;
				CLANG_WARN_OBJC_LITERAL_CONVERSION = YES;
				CLANG_WARN_OBJC_ROOT_CLASS = YES_ERROR;
				CLANG_WARN_QUOTED_INCLUDE_IN_FRAMEWORK_HEADER = YES;
				CLANG_WARN_RANGE_LOOP_ANALYSIS = YES;
				CLANG_WARN_STRICT_PROTOTYPES = YES;
				CLANG_WARN_SUSPICIOUS_MOVE = YES;
				CLANG_WARN_UNGUARDED_AVAILABILITY = YES_AGGRESSIVE;
				CLANG_WARN_UNREACHABLE_CODE = YES;
				CLANG_WARN__DUPLICATE_METHOD_MATCH = YES;
				COPY_PHASE_STRIP = NO;
				DEBUG_INFORMATION_FORMAT = dwarf;
				ENABLE_STRICT_OBJC_MSGSEND = YES;
				ENABLE_TESTABILITY = YES;
				ENABLE_USER_SCRIPT_SANDBOXING = YES;
				GCC_C_LANGUAGE_STANDARD = gnu17;
				GCC_DYNAMIC_NO_PIC = NO;
				GCC_NO_COMMON_BLOCKS = YES;
				GCC_OPTIMIZATION_LEVEL = 0;
				GCC_PREPROCESSOR_DEFINITIONS = (
					"DEBUG=1",
					"$(inherited)",
				);
				GCC_WARN_64_TO_32_BIT_CONVERSION = YES;
				GCC_WARN_ABOUT_RETURN_TYPE = YES_ERROR;
				GCC_WARN_UNDECLARED_SELECTOR = YES;
				GCC_WARN_UNINITIALIZED_AUTOS = YES_AGGRESSIVE;
				GCC_WARN_UNUSED_FUNCTION = YES;
				GCC_WARN_UNUSED_VARIABLE = YES;
				IPHONEOS_DEPLOYMENT_TARGET = 16.0;
				LOCALIZATION_PREFERS_STRING_CATALOGS = YES;
				MTL_ENABLE_DEBUG_INFO = INCLUDE_SOURCE;
				MTL_FAST_MATH = YES;
				ONLY_ACTIVE_ARCH = YES;
				SDKROOT = iphoneos;
				SWIFT_ACTIVE_COMPILATION_CONDITIONS = "DEBUG $(inherited)";
				SWIFT_OPTIMIZATION_LEVEL = "-Onone";
			};
			name = Debug;
		};
		BA5E4F9B2DE61AA400237029 /* Release */ = {
			isa = XCBuildConfiguration;
			buildSettings = {
				ALWAYS_SEARCH_USER_PATHS = NO;
				ASSETCATALOG_COMPILER_GENERATE_SWIFT_ASSET_SYMBOL_EXTENSIONS = YES;
				CLANG_ANALYZER_NONNULL = YES;
				CLANG_ANALYZER_NUMBER_OBJECT_CONVERSION = YES_AGGRESSIVE;
				CLANG_CXX_LANGUAGE_STANDARD = "gnu++20";
				CLANG_ENABLE_MODULES = YES;
				CLANG_ENABLE_OBJC_ARC = YES;
				CLANG_ENABLE_OBJC_WEAK = YES;
				CLANG_WARN_BLOCK_CAPTURE_AUTORELEASING = YES;
				CLANG_WARN_BOOL_CONVERSION = YES;
				CLANG_WARN_COMMA = YES;
				CLANG_WARN_CONSTANT_CONVERSION = YES;
				CLANG_WARN_DEPRECATED_OBJC_IMPLEMENTATIONS = YES;
				CLANG_WARN_DIRECT_OBJC_ISA_USAGE = YES_ERROR;
				CLANG_WARN_DOCUMENTATION_COMMENTS = YES;
				CLANG_WARN_EMPTY_BODY = YES;
				CLANG_WARN_ENUM_CONVERSION = YES;
				CLANG_WARN_INFINITE_RECURSION = YES;
				CLANG_WARN_INT_CONVERSION = YES;
				CLANG_WARN_NON_LITERAL_NULL_CONVERSION = YES;
				CLANG_WARN_OBJC_IMPLICIT_RETAIN_SELF = YES;
				CLANG_WARN_OBJC_LITERAL_CONVERSION = YES;
				CLANG_WARN_OBJC_ROOT_CLASS = YES_ERROR;
				CLANG_WARN_QUOTED_INCLUDE_IN_FRAMEWORK_HEADER = YES;
				CLANG_WARN_RANGE_LOOP_ANALYSIS = YES;
				CLANG_WARN_STRICT_PROTOTYPES = YES;
				CLANG_WARN_SUSPICIOUS_MOVE = YES;
				CLANG_WARN_UNGUARDED_AVAILABILITY = YES_AGGRESSIVE;
				CLANG_WARN_UNREACHABLE_CODE = YES;
				CLANG_WARN__DUPLICATE_METHOD_MATCH = YES;
				COPY_PHASE_STRIP = NO;
				DEBUG_INFORMATION_FORMAT = "dwarf-with-dsym";
				ENABLE_NS_ASSERTIONS = NO;
				ENABLE_STRICT_OBJC_MSGSEND = YES;
				ENABLE_USER_SCRIPT_SANDBOXING = YES;
				GCC_C_LANGUAGE_STANDARD = gnu17;
				GCC_NO_COMMON_BLOCKS = YES;
				GCC_WARN_64_TO_32_BIT_CONVERSION = YES;
				GCC_WARN_ABOUT_RETURN_TYPE = YES_ERROR;
				GCC_WARN_UNDECLARED_SELECTOR = YES;
				GCC_WARN_UNINITIALIZED_AUTOS = YES_AGGRESSIVE;
				GCC_WARN_UNUSED_FUNCTION = YES;
				GCC_WARN_UNUSED_VARIABLE = YES;
				IPHONEOS_DEPLOYMENT_TARGET = 16.0;
				LOCALIZATION_PREFERS_STRING_CATALOGS = YES;
				MTL_ENABLE_DEBUG_INFO = NO;
				MTL_FAST_MATH = YES;
				SDKROOT = iphoneos;
				SWIFT_COMPILATION_MODE = wholemodule;
				VALIDATE_PRODUCT = YES;
			};
			name = Release;
		};
		BA5E4F9D2DE61AA400237029 /* Debug */ = {
			isa = XCBuildConfiguration;
			buildSettings = {
				ASSETCATALOG_COMPILER_APPICON_NAME = AppIcon;
				ASSETCATALOG_COMPILER_GLOBAL_ACCENT_COLOR_NAME = AccentColor;
				CODE_SIGN_STYLE = Automatic;
				CURRENT_PROJECT_VERSION = 1;
				DEVELOPMENT_ASSET_PATHS = "\"VoiceSurveyor/Preview Content\"";
				DEVELOPMENT_TEAM = WM9Q96XF49;
				ENABLE_PREVIEWS = YES;
				GENERATE_INFOPLIST_FILE = YES;
				INFOPLIST_KEY_UIApplicationSceneManifest_Generation = YES;
				INFOPLIST_KEY_UIApplicationSupportsIndirectInputEvents = YES;
				INFOPLIST_KEY_UILaunchScreen_Generation = YES;
				INFOPLIST_KEY_UISupportedInterfaceOrientations_iPad = "UIInterfaceOrientationPortrait UIInterfaceOrientationPortraitUpsideDown UIInterfaceOrientationLandscapeLeft UIInterfaceOrientationLandscapeRight";
				INFOPLIST_KEY_UISupportedInterfaceOrientations_iPhone = "UIInterfaceOrientationPortrait UIInterfaceOrientationLandscapeLeft UIInterfaceOrientationLandscapeRight";
				LD_RUNPATH_SEARCH_PATHS = (
					"$(inherited)",
					"@executable_path/Frameworks",
				);
				MARKETING_VERSION = 1.0;
				PRODUCT_BUNDLE_IDENTIFIER = com.boardoutlook.VoiceSurveyor;
				PRODUCT_NAME = "$(TARGET_NAME)";
				SWIFT_EMIT_LOC_STRINGS = YES;
				SWIFT_VERSION = 5.0;
				TARGETED_DEVICE_FAMILY = "1,2";
			};
			name = Debug;
		};
		BA5E4F9E2DE61AA400237029 /* Release */ = {
			isa = XCBuildConfiguration;
			buildSettings = {
				ASSETCATALOG_COMPILER_APPICON_NAME = AppIcon;
				ASSETCATALOG_COMPILER_GLOBAL_ACCENT_COLOR_NAME = AccentColor;
				CODE_SIGN_STYLE = Automatic;
				CURRENT_PROJECT_VERSION = 1;
				DEVELOPMENT_ASSET_PATHS = "\"VoiceSurveyor/Preview Content\"";
				DEVELOPMENT_TEAM = WM9Q96XF49;
				ENABLE_PREVIEWS = YES;
				GENERATE_INFOPLIST_FILE = YES;
				INFOPLIST_KEY_UIApplicationSceneManifest_Generation = YES;
				INFOPLIST_KEY_UIApplicationSupportsIndirectInputEvents = YES;
				INFOPLIST_KEY_UILaunchScreen_Generation = YES;
				INFOPLIST_KEY_UISupportedInterfaceOrientations_iPad = "UIInterfaceOrientationPortrait UIInterfaceOrientationPortraitUpsideDown UIInterfaceOrientationLandscapeLeft UIInterfaceOrientationLandscapeRight";
				INFOPLIST_KEY_UISupportedInterfaceOrientations_iPhone = "UIInterfaceOrientationPortrait UIInterfaceOrientationLandscapeLeft UIInterfaceOrientationLandscapeRight";
				LD_RUNPATH_SEARCH_PATHS = (
					"$(inherited)",
					"@executable_path/Frameworks",
				);
				MARKETING_VERSION = 1.0;
				PRODUCT_BUNDLE_IDENTIFIER = com.boardoutlook.VoiceSurveyor;
				PRODUCT_NAME = "$(TARGET_NAME)";
				SWIFT_EMIT_LOC_STRINGS = YES;
				SWIFT_VERSION = 5.0;
				TARGETED_DEVICE_FAMILY = "1,2";
			};
			name = Release;
		};
		BA5E4FA02DE61AA400237029 /* Debug */ = {
			isa = XCBuildConfiguration;
			buildSettings = {
				BUNDLE_LOADER = "$(TEST_HOST)";
				CODE_SIGN_STYLE = Automatic;
				CURRENT_PROJECT_VERSION = 1;
				DEVELOPMENT_TEAM = WM9Q96XF49;
				GENERATE_INFOPLIST_FILE = YES;
				IPHONEOS_DEPLOYMENT_TARGET = 16.0;
				MARKETING_VERSION = 1.0;
				PRODUCT_BUNDLE_IDENTIFIER = com.boardoutlook.VoiceSurveyorTests;
				PRODUCT_NAME = "$(TARGET_NAME)";
				SWIFT_EMIT_LOC_STRINGS = NO;
				SWIFT_VERSION = 5.0;
				TARGETED_DEVICE_FAMILY = "1,2";
				TEST_HOST = "$(BUILT_PRODUCTS_DIR)/VoiceSurveyor.app/$(BUNDLE_EXECUTABLE_FOLDER_PATH)/VoiceSurveyor";
			};
			name = Debug;
		};
		BA5E4FA12DE61AA400237029 /* Release */ = {
			isa = XCBuildConfiguration;
			buildSettings = {
				BUNDLE_LOADER = "$(TEST_HOST)";
				CODE_SIGN_STYLE = Automatic;
				CURRENT_PROJECT_VERSION = 1;
				DEVELOPMENT_TEAM = WM9Q96XF49;
				GENERATE_INFOPLIST_FILE = YES;
				IPHONEOS_DEPLOYMENT_TARGET = 16.0;
				MARKETING_VERSION = 1.0;
				PRODUCT_BUNDLE_IDENTIFIER = com.boardoutlook.VoiceSurveyorTests;
				PRODUCT_NAME = "$(TARGET_NAME)";
				SWIFT_EMIT_LOC_STRINGS = NO;
				SWIFT_VERSION = 5.0;
				TARGETED_DEVICE_FAMILY = "1,2";
				TEST_HOST = "$(BUILT_PRODUCTS_DIR)/VoiceSurveyor.app/$(BUNDLE_EXECUTABLE_FOLDER_PATH)/VoiceSurveyor";
			};
			name = Release;
		};
		BA5E4FA32DE61AA400237029 /* Debug */ = {
			isa = XCBuildConfiguration;
			buildSettings = {
				CODE_SIGN_STYLE = Automatic;
				CURRENT_PROJECT_VERSION = 1;
				DEVELOPMENT_TEAM = WM9Q96XF49;
				GENERATE_INFOPLIST_FILE = YES;
				MARKETING_VERSION = 1.0;
				PRODUCT_BUNDLE_IDENTIFIER = com.boardoutlook.VoiceSurveyorUITests;
				PRODUCT_NAME = "$(TARGET_NAME)";
				SWIFT_EMIT_LOC_STRINGS = NO;
				SWIFT_VERSION = 5.0;
				TARGETED_DEVICE_FAMILY = "1,2";
				TEST_TARGET_NAME = VoiceSurveyor;
			};
			name = Debug;
		};
		BA5E4FA42DE61AA400237029 /* Release */ = {
			isa = XCBuildConfiguration;
			buildSettings = {
				CODE_SIGN_STYLE = Automatic;
				CURRENT_PROJECT_VERSION = 1;
				DEVELOPMENT_TEAM = WM9Q96XF49;
				GENERATE_INFOPLIST_FILE = YES;
				MARKETING_VERSION = 1.0;
				PRODUCT_BUNDLE_IDENTIFIER = com.boardoutlook.VoiceSurveyorUITests;
				PRODUCT_NAME = "$(TARGET_NAME)";
				SWIFT_EMIT_LOC_STRINGS = NO;
				SWIFT_VERSION = 5.0;
				TARGETED_DEVICE_FAMILY = "1,2";
				TEST_TARGET_NAME = VoiceSurveyor;
			};
			name = Release;
		};
/* End XCBuildConfiguration section */

/* Begin XCConfigurationList section */
		BA5E4F6E2DE61AA100237029 /* Build configuration list for PBXProject "VoiceSurveyor" */ = {
			isa = XCConfigurationList;
			buildConfigurations = (
				BA5E4F9A2DE61AA400237029 /* Debug */,
				BA5E4F9B2DE61AA400237029 /* Release */,
			);
			defaultConfigurationIsVisible = 0;
			defaultConfigurationName = Release;
		};
		BA5E4F9C2DE61AA400237029 /* Build configuration list for PBXNativeTarget "VoiceSurveyor" */ = {
			isa = XCConfigurationList;
			buildConfigurations = (
				BA5E4F9D2DE61AA400237029 /* Debug */,
				BA5E4F9E2DE61AA400237029 /* Release */,
			);
			defaultConfigurationIsVisible = 0;
			defaultConfigurationName = Release;
		};
		BA5E4F9F2DE61AA400237029 /* Build configuration list for PBXNativeTarget "VoiceSurveyorTests" */ = {
			isa = XCConfigurationList;
			buildConfigurations = (
				BA5E4FA02DE61AA400237029 /* Debug */,
				BA5E4FA12DE61AA400237029 /* Release */,
			);
			defaultConfigurationIsVisible = 0;
			defaultConfigurationName = Release;
		};
		BA5E4FA22DE61AA400237029 /* Build configuration list for PBXNativeTarget "VoiceSurveyorUITests" */ = {
			isa = XCConfigurationList;
			buildConfigurations = (
				BA5E4FA32DE61AA400237029 /* Debug */,
				BA5E4FA42DE61AA400237029 /* Release */,
			);
			defaultConfigurationIsVisible = 0;
			defaultConfigurationName = Release;
		};
/* End XCConfigurationList section */
	};
	rootObject = BA5E4F6B2DE61AA100237029 /* Project object */;
}
